
Microsoft Visual Studio Solution File, Format Version 12.00
# Visual Studio Version 16
VisualStudioVersion = 16.0.30225.117
MinimumVisualStudioVersion = 10.0.40219.1
Project("{8BC9CEB8-8B4A-11D0-8D11-00A0C91BC942}") = "MineSweeperHack2", "MineSweeperHack2\MineSweeperHack2.vcxproj", "{AF45414E-8039-4165-8564-3826C9A7D881}"
EndProject
Global
	GlobalSection(SolutionConfigurationPlatforms) = preSolution
		Debug|x64 = Debug|x64
		Debug|x86 = Debug|x86
		Release|x64 = Release|x64
		Release|x86 = Release|x86
	EndGlobalSection
	GlobalSection(ProjectConfigurationPlatforms) = postSolution
		{AF45414E-8039-4165-8564-3826C9A7D881}.Debug|x64.ActiveCfg = Debug|x64
		{AF45414E-8039-4165-8564-3826C9A7D881}.Debug|x64.Build.0 = Debug|x64
		{AF45414E-8039-4165-8564-3826C9A7D881}.Debug|x86.ActiveCfg = Debug|Win32
		{AF45414E-8039-4165-8564-3826C9A7D881}.Debug|x86.Build.0 = Debug|Win32
		{AF45414E-8039-4165-8564-3826C9A7D881}.Release|x64.ActiveCfg = Release|x64
		{AF45414E-8039-4165-8564-3826C9A7D881}.Release|x64.Build.0 = Release|x64
		{AF45414E-8039-4165-8564-3826C9A7D881}.Release|x86.ActiveCfg = Release|Win32
		{AF45414E-8039-4165-8564-3826C9A7D881}.Release|x86.Build.0 = Release|Win32
	EndGlobalSection
	GlobalSection(SolutionProperties) = preSolution
		HideSolutionNode = FALSE
	EndGlobalSection
	GlobalSection(ExtensibilityGlobals) = postSolution
		SolutionGuid = {C832DF49-64C1-4315-86BB-919CC45AA827}
	EndGlobalSection
EndGlobal
